
Microsoft Visual Studio Solution File, Format Version 12.00
# Visual Studio Version 17
VisualStudioVersion = 17.4.33205.214
MinimumVisualStudioVersion = 10.0.40219.1
Project("{FAE04EC0-301F-11D3-BF4B-00C04F79EFBC}") = "EmployeeManagementAPI", "EmployeeManagementAPI\EmployeeManagementAPI.csproj", "{28012E97-45DC-49DD-9731-FE3F164C5E4F}"
EndProject
Global
	GlobalSection(SolutionConfigurationPlatforms) = preSolution
		Debug|Any CPU = Debug|Any CPU
		Release|Any CPU = Release|Any CPU
	EndGlobalSection
	GlobalSection(ProjectConfigurationPlatforms) = postSolution
		{28012E97-45DC-49DD-9731-FE3F164C5E4F}.Debug|Any CPU.ActiveCfg = Debug|Any CPU
		{28012E97-45DC-49DD-9731-FE3F164C5E4F}.Debug|Any CPU.Build.0 = Debug|Any CPU
		{28012E97-45DC-49DD-9731-FE3F164C5E4F}.Release|Any CPU.ActiveCfg = Release|Any CPU
		{28012E97-45DC-49DD-9731-FE3F164C5E4F}.Release|Any CPU.Build.0 = Release|Any CPU
	EndGlobalSection
	GlobalSection(SolutionProperties) = preSolution
		HideSolutionNode = FALSE
	EndGlobalSection
	GlobalSection(ExtensibilityGlobals) = postSolution
		SolutionGuid = {730A70EC-C2AB-46FA-866D-BDA4AD0EBB1E}
	EndGlobalSection
EndGlobal
